lockfileVersion: '9.0'

settings:
  autoInstallPeers: true
  excludeLinksFromLockfile: false

importers:

  .:
    dependencies:
      '@webref/css':
        specifier: 8.7.5
        version: 8.7.5(css-tree@3.2.1)
      css-tree:
        specifier: 3.2.1
        version: 3.2.1
      csstype:
        specifier: 3.2.3
        version: 3.2.3
      typescript:
        specifier: 6.0.3
        version: 6.0.3

packages:

  '@webref/css@8.7.5':
    resolution: {integrity: sha512-VQygoDH6OptDhYib3Uxo2e1uftOv2Tx9yddzUyAXOmsLquyrV46w5VzXla2kPAIK70+Lo56NzzrltKMqiBrrLg==}
    peerDependencies:
      css-tree: ^3.2.1

  css-tree@3.2.1:
    resolution: {integrity: sha512-X7sjQzceUhu1u7Y/ylrRZFU2FS6LRiFVp6rKLPg23y3x3c3DOKAwuXGDp+PAGjh6CSnCjYeAul8pcT8bAl+lSA==}
    engines: {node: ^10 || ^12.20.0 || ^14.13.0 || >=15.0.0}

  csstype@3.2.3:
    resolution: {integrity: sha512-z1HGKcYy2xA8AGQfwrn0PAy+PB7X/GSj3UVJW9qKyn43xWa+gl5nXmU4qqLMRzWVLFC8KusUX8T/0kCiOYpAIQ==}

  mdn-data@2.27.1:
    resolution: {integrity: sha512-9Yubnt3e8A0OKwxYSXyhLymGW4sCufcLG6VdiDdUGVkPhpqLxlvP5vl1983gQjJl3tqbrM731mjaZaP68AgosQ==}

  source-map-js@1.2.1:
    resolution: {integrity: sha512-UXWMKhLOwVKb728IUtQPXxfYU+usdybtUrK/8uGE8CQMvrhOpwvzDBwj0QhSL7MQc7vIsISBG8VQ8+IDQxpfQA==}
    engines: {node: '>=0.10.0'}

  typescript@6.0.3:
    resolution: {integrity: sha512-y2TvuxSZPDyQakkFRPZHKFm+KKVqIisdg9/CZwm9ftvKXLP8NRWj38/ODjNbr43SsoXqNuAisEf1GdCxqWcdBw==}
    engines: {node: '>=14.17'}
    hasBin: true

snapshots:

  '@webref/css@8.7.5(css-tree@3.2.1)':
    dependencies:
      css-tree: 3.2.1

  css-tree@3.2.1:
    dependencies:
      mdn-data: 2.27.1
      source-map-js: 1.2.1

  csstype@3.2.3: {}

  mdn-data@2.27.1: {}

  source-map-js@1.2.1: {}

  typescript@6.0.3: {}
